{
  "version": 4,
  "terraform_version": "0.12.25",
  "serial": 32,
  "lineage": "979e3678-8dce-7242-9d59-76c8509e40b6",
  "outputs": {},
  "resources": [
    {
      "mode": "managed",
      "type": "aws_iam_role",
      "name": "iam_role_lambda",
      "provider": "provider.aws",
      "instances": [
        {
          "schema_version": 0,
          "attributes": {
            "arn": "arn:aws:iam::519113664765:role/iam_role_lambda",
            "assume_role_policy": "{\"Version\":\"2012-10-17\",\"Statement\":[{\"Sid\":\"\",\"Effect\":\"Allow\",\"Principal\":{\"Service\":\"lambda.amazonaws.com\"},\"Action\":\"sts:AssumeRole\"}]}",
            "create_date": "2020-06-08T01:29:38Z",
            "description": "",
            "force_detach_policies": false,
            "id": "iam_role_lambda",
            "max_session_duration": 3600,
            "name": "iam_role_lambda",
            "name_prefix": null,
            "path": "/",
            "permissions_boundary": null,
            "tags": {},
            "unique_id": "AROAXRXMV5D64PCDQ7VSH"
          }
        }
      ]
    }
  ]
}
